
Microsoft Visual Studio Solution File, Format Version 12.00
# Visual Studio Version 17
VisualStudioVersion = 17.14.37111.16 d17.14
MinimumVisualStudioVersion = 10.0.40219.1
Project("{FAE04EC0-301F-11D3-BF4B-00C04F79EFBC}") = "FotoFlow", "FotoFlow.csproj", "{6B62112F-1943-47AC-A5EE-A4F30898250E}"
EndProject
Project("{54435603-DBB4-11D2-8724-00A0C9A8B90C}") = "FotoFlowInstaller", "..\FotoFlowInstaller\FotoFlowInstaller.vdproj", "{309910B2-70AE-D7B1-4394-C0668AC3CA0A}"
EndProject
Global
	GlobalSection(SolutionConfigurationPlatforms) = preSolution
		Debug|Any CPU = Debug|Any CPU
		Release|Any CPU = Release|Any CPU
	EndGlobalSection
	GlobalSection(ProjectConfigurationPlatforms) = postSolution
		{6B62112F-1943-47AC-A5EE-A4F30898250E}.Debug|Any CPU.ActiveCfg = Debug|Any CPU
		{6B62112F-1943-47AC-A5EE-A4F30898250E}.Debug|Any CPU.Build.0 = Debug|Any CPU
		{6B62112F-1943-47AC-A5EE-A4F30898250E}.Release|Any CPU.ActiveCfg = Release|Any CPU
		{6B62112F-1943-47AC-A5EE-A4F30898250E}.Release|Any CPU.Build.0 = Release|Any CPU
		{309910B2-70AE-D7B1-4394-C0668AC3CA0A}.Debug|Any CPU.ActiveCfg = Debug
		{309910B2-70AE-D7B1-4394-C0668AC3CA0A}.Debug|Any CPU.Build.0 = Debug
		{309910B2-70AE-D7B1-4394-C0668AC3CA0A}.Release|Any CPU.ActiveCfg = Release
	EndGlobalSection
	GlobalSection(SolutionProperties) = preSolution
		HideSolutionNode = FALSE
	EndGlobalSection
	GlobalSection(ExtensibilityGlobals) = postSolution
		SolutionGuid = {72E6E8FE-6DCF-4328-9879-E236429C4919}
	EndGlobalSection
EndGlobal
